
Microsoft Visual Studio Solution File, Format Version 12.00
Project("{FAE04EC0-301F-11D3-BF4B-00C04F79EFBC}") = "ProductBrowserTest", "ProductBrowserTest\ProductBrowserTest.csproj", "{F18F7CA5-40E1-4D88-910A-0998D58798DA}"
EndProject
Global
	GlobalSection(SolutionConfigurationPlatforms) = preSolution
		Debug|Any CPU = Debug|Any CPU
		Release|Any CPU = Release|Any CPU
	EndGlobalSection
	GlobalSection(ProjectConfigurationPlatforms) = postSolution
		{F18F7CA5-40E1-4D88-910A-0998D58798DA}.Debug|Any CPU.ActiveCfg = Debug|Any CPU
		{F18F7CA5-40E1-4D88-910A-0998D58798DA}.Debug|Any CPU.Build.0 = Debug|Any CPU
		{F18F7CA5-40E1-4D88-910A-0998D58798DA}.Release|Any CPU.ActiveCfg = Release|Any CPU
		{F18F7CA5-40E1-4D88-910A-0998D58798DA}.Release|Any CPU.Build.0 = Release|Any CPU
	EndGlobalSection
EndGlobal
